// !$*UTF8*$!
{
	archiveVersion = 1;
	classes = {
	};
	objectVersion = 46;
	objects = {

/* Begin PBXBuildFile section */
		A35B6BC31F5DE9B4007D0EEB /* AppDelegate.swift in Sources */ = {isa = PBXBuildFile; fileRef = A35B6BC21F5DE9B4007D0EEB /* AppDelegate.swift */; };
		A35B6BC51F5DE9B4007D0EEB /* MainVC.swift in Sources */ = {isa = PBXBuildFile; fileRef = A35B6BC41F5DE9B4007D0EEB /* MainVC.swift */; };
		A35B6BC81F5DE9B4007D0EEB /* Main.storyboard in Resources */ = {isa = PBXBuildFile; fileRef = A35B6BC61F5DE9B4007D0EEB /* Main.storyboard */; };
		A35B6BCA1F5DE9B4007D0EEB /* Assets.xcassets in Resources */ = {isa = PBXBuildFile; fileRef = A35B6BC91F5DE9B4007D0EEB /* Assets.xcassets */; };
		A35B6BCD1F5DE9B4007D0EEB /* LaunchScreen.storyboard in Resources */ = {isa = PBXBuildFile; fileRef = A35B6BCB1F5DE9B4007D0EEB /* LaunchScreen.storyboard */; };
		A35B6BE81F5DF2F2007D0EEB /* SystemConfiguration.framework in Frameworks */ = {isa = PBXBuildFile; fileRef = A35B6BE71F5DF2F2007D0EEB /* SystemConfiguration.framework */; };
		A35B6BEA1F5DF2FA007D0EEB /* CoreGraphics.framework in Frameworks */ = {isa = PBXBuildFile; fileRef = A35B6BE91F5DF2FA007D0EEB /* CoreGraphics.framework */; };
		A3717EAA1F5EEE5900351096 /* GoogleService-Info.plist in Resources */ = {isa = PBXBuildFile; fileRef = A3717EA91F5EEE5900351096 /* GoogleService-Info.plist */; };
		B52B2B1DE0D0B1CB74BC4254 /* Pods_My_Beacon.framework in Frameworks */ = {isa = PBXBuildFile; fileRef = 65CD97AD104D8F15226E979A /* Pods_My_Beacon.framework */; };
/* End PBXBuildFile section */

/* Begin PBXCopyFilesBuildPhase section */
		A35B6BED1F5DF441007D0EEB /* Embed Frameworks */ = {
			isa = PBXCopyFilesBuildPhase;
			buildActionMask = 2147483647;
			dstPath = "";
			dstSubfolderSpec = 10;
			files = (
			);
			name = "Embed Frameworks";
			runOnlyForDeploymentPostprocessing = 0;
		};
/* End PBXCopyFilesBuildPhase section */

/* Begin PBXFileReference section */
		634CEF7E8912C88B8479CB52 /* Pods-My Beacon.debug.xcconfig */ = {isa = PBXFileReference; includeInIndex = 1; lastKnownFileType = text.xcconfig; name = "Pods-My Beacon.debug.xcconfig"; path = "Pods/Target Support Files/Pods-My Beacon/Pods-My Beacon.debug.xcconfig"; sourceTree = "<group>"; };
		65CD97AD104D8F15226E979A /* Pods_My_Beacon.framework */ = {isa = PBXFileReference; explicitFileType = wrapper.framework; includeInIndex = 0; path = Pods_My_Beacon.framework; sourceTree = BUILT_PRODUCTS_DIR; };
		A35B6BBF1F5DE9B4007D0EEB /* My Beacon.app */ = {isa = PBXFileReference; explicitFileType = wrapper.application; includeInIndex = 0; path = "My Beacon.app"; sourceTree = BUILT_PRODUCTS_DIR; };
		A35B6BC21F5DE9B4007D0EEB /* AppDelegate.swift */ = {isa = PBXFileReference; lastKnownFileType = sourcecode.swift; path = AppDelegate.swift; sourceTree = "<group>"; };
		A35B6BC41F5DE9B4007D0EEB /* MainVC.swift */ = {isa = PBXFileReference; lastKnownFileType = sourcecode.swift; path = MainVC.swift; sourceTree = "<group>"; };
		A35B6BC71F5DE9B4007D0EEB /* Base */ = {isa = PBXFileReference; lastKnownFileType = file.storyboard; name = Base; path = Base.lproj/Main.storyboard; sourceTree = "<group>"; };
		A35B6BC91F5DE9B4007D0EEB /* Assets.xcassets */ = {isa = PBXFileReference; lastKnownFileType = folder.assetcatalog; path = Assets.xcassets; sourceTree = "<group>"; };
		A35B6BCC1F5DE9B4007D0EEB /* Base */ = {isa = PBXFileReference; lastKnownFileType = file.storyboard; name = Base; path = Base.lproj/LaunchScreen.storyboard; sourceTree = "<group>"; };
		A35B6BCE1F5DE9B4007D0EEB /* Info.plist */ = {isa = PBXFileReference; lastKnownFileType = text.plist.xml; path = Info.plist; sourceTree = "<group>"; };
		A35B6BE71F5DF2F2007D0EEB /* SystemConfiguration.framework */ = {isa = PBXFileReference; lastKnownFileType = wrapper.framework; name = SystemConfiguration.framework; path = System/Library/Frameworks/SystemConfiguration.framework; sourceTree = SDKROOT; };
		A35B6BE91F5DF2FA007D0EEB /* CoreGraphics.framework */ = {isa = PBXFileReference; lastKnownFileType = wrapper.framework; name = CoreGraphics.framework; path = System/Library/Frameworks/CoreGraphics.framework; sourceTree = SDKROOT; };
		A3717EA61F5ED2B700351096 /* My Beacon-Bridging-Header.h */ = {isa = PBXFileReference; lastKnownFileType = sourcecode.c.h; path = "My Beacon-Bridging-Header.h"; sourceTree = "<group>"; };
		A3717EA91F5EEE5900351096 /* GoogleService-Info.plist */ = {isa = PBXFileReference; fileEncoding = 4; lastKnownFileType = text.plist.xml; path = "GoogleService-Info.plist"; sourceTree = "<group>"; };
		F73907B79A721496B07780F4 /* Pods-My Beacon.release.xcconfig */ = {isa = PBXFileReference; includeInIndex = 1; lastKnownFileType = text.xcconfig; name = "Pods-My Beacon.release.xcconfig"; path = "Pods/Target Support Files/Pods-My Beacon/Pods-My Beacon.release.xcconfig"; sourceTree = "<group>"; };
/* End PBXFileReference section */

/* Begin PBXFrameworksBuildPhase section */
		A35B6BBC1F5DE9B4007D0EEB /* Frameworks */ = {
			isa = PBXFrameworksBuildPhase;
			buildActionMask = 2147483647;
			files = (
				A35B6BEA1F5DF2FA007D0EEB /* CoreGraphics.framework in Frameworks */,
				A35B6BE81F5DF2F2007D0EEB /* SystemConfiguration.framework in Frameworks */,
				B52B2B1DE0D0B1CB74BC4254 /* Pods_My_Beacon.framework in Frameworks */,
			);
			runOnlyForDeploymentPostprocessing = 0;
		};
/* End PBXFrameworksBuildPhase section */

/* Begin PBXGroup section */
		A35B6BB61F5DE9B4007D0EEB = {
			isa = PBXGroup;
			children = (
				A35B6BC11F5DE9B4007D0EEB /* My Beacon */,
				A35B6BC01F5DE9B4007D0EEB /* Products */,
				A35B6BE61F5DF2F2007D0EEB /* Frameworks */,
				CD3D2471BF3103113E319418 /* Pods */,
			);
			sourceTree = "<group>";
		};
		A35B6BC01F5DE9B4007D0EEB /* Products */ = {
			isa = PBXGroup;
			children = (
				A35B6BBF1F5DE9B4007D0EEB /* My Beacon.app */,
			);
			name = Products;
			sourceTree = "<group>";
		};
		A35B6BC11F5DE9B4007D0EEB /* My Beacon */ = {
			isa = PBXGroup;
			children = (
				A35B6BC21F5DE9B4007D0EEB /* AppDelegate.swift */,
				A35B6BC41F5DE9B4007D0EEB /* MainVC.swift */,
				A35B6BC61F5DE9B4007D0EEB /* Main.storyboard */,
				A35B6BC91F5DE9B4007D0EEB /* Assets.xcassets */,
				A35B6BCB1F5DE9B4007D0EEB /* LaunchScreen.storyboard */,
				A35B6BCE1F5DE9B4007D0EEB /* Info.plist */,
				A3717EA61F5ED2B700351096 /* My Beacon-Bridging-Header.h */,
				A3717EA91F5EEE5900351096 /* GoogleService-Info.plist */,
			);
			path = "My Beacon";
			sourceTree = "<group>";
		};
		A35B6BE61F5DF2F2007D0EEB /* Frameworks */ = {
			isa = PBXGroup;
			children = (
				A35B6BE91F5DF2FA007D0EEB /* CoreGraphics.framework */,
				A35B6BE71F5DF2F2007D0EEB /* SystemConfiguration.framework */,
				65CD97AD104D8F15226E979A /* Pods_My_Beacon.framework */,
			);
			name = Frameworks;
			sourceTree = "<group>";
		};
		CD3D2471BF3103113E319418 /* Pods */ = {
			isa = PBXGroup;
			children = (
				634CEF7E8912C88B8479CB52 /* Pods-My Beacon.debug.xcconfig */,
				F73907B79A721496B07780F4 /* Pods-My Beacon.release.xcconfig */,
			);
			name = Pods;
			sourceTree = "<group>";
		};
/* End PBXGroup section */

/* Begin PBXNativeTarget section */
		A35B6BBE1F5DE9B4007D0EEB /* My Beacon */ = {
			isa = PBXNativeTarget;
			buildConfigurationList = A35B6BD11F5DE9B4007D0EEB /* Build configuration list for PBXNativeTarget "My Beacon" */;
			buildPhases = (
				6B8BE91C6FF661204ACF6E87 /* [CP] Check Pods Manifest.lock */,
				A35B6BBB1F5DE9B4007D0EEB /* Sources */,
				A35B6BBC1F5DE9B4007D0EEB /* Frameworks */,
				A35B6BBD1F5DE9B4007D0EEB /* Resources */,
				A35B6BED1F5DF441007D0EEB /* Embed Frameworks */,
				35447BF5243BB3854F3A0ED8 /* [CP] Embed Pods Frameworks */,
				7A68CD5DF61D33562EE09F6E /* [CP] Copy Pods Resources */,
			);
			buildRules = (
			);
			dependencies = (
			);
			name = "My Beacon";
			productName = "My Beacon";
			productReference = A35B6BBF1F5DE9B4007D0EEB /* My Beacon.app */;
			productType = "com.apple.product-type.application";
		};
/* End PBXNativeTarget section */

/* Begin PBXProject section */
		A35B6BB71F5DE9B4007D0EEB /* Project object */ = {
			isa = PBXProject;
			attributes = {
				LastSwiftUpdateCheck = 0830;
				LastUpgradeCheck = 0830;
				ORGANIZATIONNAME = "Tiago Do Couto";
				TargetAttributes = {
					A35B6BBE1F5DE9B4007D0EEB = {
						CreatedOnToolsVersion = 8.3.3;
						DevelopmentTeam = 7TW6282C6A;
						LastSwiftMigration = 0830;
						ProvisioningStyle = Automatic;
					};
				};
			};
			buildConfigurationList = A35B6BBA1F5DE9B4007D0EEB /* Build configuration list for PBXProject "My Beacon" */;
			compatibilityVersion = "Xcode 3.2";
			developmentRegion = English;
			hasScannedForEncodings = 0;
			knownRegions = (
				en,
				Base,
			);
			mainGroup = A35B6BB61F5DE9B4007D0EEB;
			productRefGroup = A35B6BC01F5DE9B4007D0EEB /* Products */;
			projectDirPath = "";
			projectRoot = "";
			targets = (
				A35B6BBE1F5DE9B4007D0EEB /* My Beacon */,
			);
		};
/* End PBXProject section */

/* Begin PBXResourcesBuildPhase section */
		A35B6BBD1F5DE9B4007D0EEB /* Resources */ = {
			isa = PBXResourcesBuildPhase;
			buildActionMask = 2147483647;
			files = (
				A35B6BCD1F5DE9B4007D0EEB /* LaunchScreen.storyboard in Resources */,
				A3717EAA1F5EEE5900351096 /* GoogleService-Info.plist in Resources */,
				A35B6BCA1F5DE9B4007D0EEB /* Assets.xcassets in Resources */,
				A35B6BC81F5DE9B4007D0EEB /* Main.storyboard in Resources */,
			);
			runOnlyForDeploymentPostprocessing = 0;
		};
/* End PBXResourcesBuildPhase section */

/* Begin PBXShellScriptBuildPhase section */
		35447BF5243BB3854F3A0ED8 /* [CP] Embed Pods Frameworks */ = {
			isa = PBXShellScriptBuildPhase;
			buildActionMask = 2147483647;
			files = (
			);
			inputPaths = (
				"${SRCROOT}/Pods/Target Support Files/Pods-My Beacon/Pods-My Beacon-frameworks.sh",
				"${BUILT_PRODUCTS_DIR}/GTMSessionFetcher/GTMSessionFetcher.framework",
				"${BUILT_PRODUCTS_DIR}/GoogleToolboxForMac/GoogleToolboxForMac.framework",
				"${BUILT_PRODUCTS_DIR}/leveldb-library/leveldb.framework",
				"${BUILT_PRODUCTS_DIR}/nanopb/nanopb.framework",
			);
			name = "[CP] Embed Pods Frameworks";
			outputPaths = (
				"${TARGET_BUILD_DIR}/${FRAMEWORKS_FOLDER_PATH}/GTMSessionFetcher.framework",
				"${TARGET_BUILD_DIR}/${FRAMEWORKS_FOLDER_PATH}/GoogleToolboxForMac.framework",
				"${TARGET_BUILD_DIR}/${FRAMEWORKS_FOLDER_PATH}/leveldb.framework",
				"${TARGET_BUILD_DIR}/${FRAMEWORKS_FOLDER_PATH}/nanopb.framework",
			);
			runOnlyForDeploymentPostprocessing = 0;
			shellPath = /bin/sh;
			shellScript = "\"${SRCROOT}/Pods/Target Support Files/Pods-My Beacon/Pods-My Beacon-frameworks.sh\"\n";
			showEnvVarsInLog = 0;
		};
		6B8BE91C6FF661204ACF6E87 /* [CP] Check Pods Manifest.lock */ = {
			isa = PBXShellScriptBuildPhase;
			buildActionMask = 2147483647;
			files = (
			);
			inputPaths = (
				"${PODS_PODFILE_DIR_PATH}/Podfile.lock",
				"${PODS_ROOT}/Manifest.lock",
			);
			name = "[CP] Check Pods Manifest.lock";
			outputPaths = (
				"$(DERIVED_FILE_DIR)/Pods-My Beacon-checkManifestLockResult.txt",
			);
			runOnlyForDeploymentPostprocessing = 0;
			shellPath = /bin/sh;
			shellScript = "diff \"${PODS_PODFILE_DIR_PATH}/Podfile.lock\" \"${PODS_ROOT}/Manifest.lock\" > /dev/null\nif [ $? != 0 ] ; then\n    # print error to STDERR\n    echo \"error: The sandbox is not in sync with the Podfile.lock. Run 'pod install' or update your CocoaPods installation.\" >&2\n    exit 1\nfi\n# This output is used by Xcode 'outputs' to avoid re-running this script phase.\necho \"SUCCESS\" > \"${SCRIPT_OUTPUT_FILE_0}\"\n";
			showEnvVarsInLog = 0;
		};
		7A68CD5DF61D33562EE09F6E /* [CP] Copy Pods Resources */ = {
			isa = PBXShellScriptBuildPhase;
			buildActionMask = 2147483647;
			files = (
			);
			inputPaths = (
			);
			name = "[CP] Copy Pods Resources";
			outputPaths = (
			);
			runOnlyForDeploymentPostprocessing = 0;
			shellPath = /bin/sh;
			shellScript = "\"${SRCROOT}/Pods/Target Support Files/Pods-My Beacon/Pods-My Beacon-resources.sh\"\n";
			showEnvVarsInLog = 0;
		};
/* End PBXShellScriptBuildPhase section */

/* Begin PBXSourcesBuildPhase section */
		A35B6BBB1F5DE9B4007D0EEB /* Sources */ = {
			isa = PBXSourcesBuildPhase;
			buildActionMask = 2147483647;
			files = (
				A35B6BC51F5DE9B4007D0EEB /* MainVC.swift in Sources */,
				A35B6BC31F5DE9B4007D0EEB /* AppDelegate.swift in Sources */,
			);
			runOnlyForDeploymentPostprocessing = 0;
		};
/* End PBXSourcesBuildPhase section */

/* Begin PBXVariantGroup section */
		A35B6BC61F5DE9B4007D0EEB /* Main.storyboard */ = {
			isa = PBXVariantGroup;
			children = (
				A35B6BC71F5DE9B4007D0EEB /* Base */,
			);
			name = Main.storyboard;
			sourceTree = "<group>";
		};
		A35B6BCB1F5DE9B4007D0EEB /* LaunchScreen.storyboard */ = {
			isa = PBXVariantGroup;
			children = (
				A35B6BCC1F5DE9B4007D0EEB /* Base */,
			);
			name = LaunchScreen.storyboard;
			sourceTree = "<group>";
		};
/* End PBXVariantGroup section */

/* Begin XCBuildConfiguration section */
		A35B6BCF1F5DE9B4007D0EEB /* Debug */ = {
			isa = XCBuildConfiguration;
			buildSettings = {
				ALWAYS_SEARCH_USER_PATHS = NO;
				CLANG_ANALYZER_NONNULL = YES;
				CLANG_ANALYZER_NUMBER_OBJECT_CONVERSION = YES_AGGRESSIVE;
				CLANG_CXX_LANGUAGE_STANDARD = "gnu++0x";
				CLANG_CXX_LIBRARY = "libc++";
				CLANG_ENABLE_MODULES = YES;
				CLANG_ENABLE_OBJC_ARC = YES;
				CLANG_WARN_BOOL_CONVERSION = YES;
				CLANG_WARN_CONSTANT_CONVERSION = YES;
				CLANG_WARN_DIRECT_OBJC_ISA_USAGE = YES_ERROR;
				CLANG_WARN_DOCUMENTATION_COMMENTS = YES;
				CLANG_WARN_EMPTY_BODY = YES;
				CLANG_WARN_ENUM_CONVERSION = YES;
				CLANG_WARN_INFINITE_RECURSION = YES;
				CLANG_WARN_INT_CONVERSION = YES;
				CLANG_WARN_OBJC_ROOT_CLASS = YES_ERROR;
				CLANG_WARN_SUSPICIOUS_MOVE = YES;
				CLANG_WARN_UNREACHABLE_CODE = YES;
				CLANG_WARN__DUPLICATE_METHOD_MATCH = YES;
				"CODE_SIGN_IDENTITY[sdk=iphoneos*]" = "iPhone Developer";
				COPY_PHASE_STRIP = NO;
				DEBUG_INFORMATION_FORMAT = dwarf;
				ENABLE_STRICT_OBJC_MSGSEND = YES;
				ENABLE_TESTABILITY = YES;
				GCC_C_LANGUAGE_STANDARD = gnu99;
				GCC_DYNAMIC_NO_PIC = NO;
				GCC_NO_COMMON_BLOCKS = YES;
				GCC_OPTIMIZATION_LEVEL = 0;
				GCC_PREPROCESSOR_DEFINITIONS = (
					"DEBUG=1",
					"$(inherited)",
				);
				GCC_WARN_64_TO_32_BIT_CONVERSION = YES;
				GCC_WARN_ABOUT_RETURN_TYPE = YES_ERROR;
				GCC_WARN_UNDECLARED_SELECTOR = YES;
				GCC_WARN_UNINITIALIZED_AUTOS = YES_AGGRESSIVE;
				GCC_WARN_UNUSED_FUNCTION = YES;
				GCC_WARN_UNUSED_VARIABLE = YES;
				IPHONEOS_DEPLOYMENT_TARGET = 10.3;
				MTL_ENABLE_DEBUG_INFO = YES;
				ONLY_ACTIVE_ARCH = YES;
				SDKROOT = iphoneos;
				SWIFT_ACTIVE_COMPILATION_CONDITIONS = DEBUG;
				SWIFT_OPTIMIZATION_LEVEL = "-Onone";
			};
			name = Debug;
		};
		A35B6BD01F5DE9B4007D0EEB /* Release */ = {
			isa = XCBuildConfiguration;
			buildSettings = {
				ALWAYS_SEARCH_USER_PATHS = NO;
				CLANG_ANALYZER_NONNULL = YES;
				CLANG_ANALYZER_NUMBER_OBJECT_CONVERSION = YES_AGGRESSIVE;
				CLANG_CXX_LANGUAGE_STANDARD = "gnu++0x";
				CLANG_CXX_LIBRARY = "libc++";
				CLANG_ENABLE_MODULES = YES;
				CLANG_ENABLE_OBJC_ARC = YES;
				CLANG_WARN_BOOL_CONVERSION = YES;
				CLANG_WARN_CONSTANT_CONVERSION = YES;
				CLANG_WARN_DIRECT_OBJC_ISA_USAGE = YES_ERROR;
				CLANG_WARN_DOCUMENTATION_COMMENTS = YES;
				CLANG_WARN_EMPTY_BODY = YES;
				CLANG_WARN_ENUM_CONVERSION = YES;
				CLANG_WARN_INFINITE_RECURSION = YES;
				CLANG_WARN_INT_CONVERSION = YES;
				CLANG_WARN_OBJC_ROOT_CLASS = YES_ERROR;
				CLANG_WARN_SUSPICIOUS_MOVE = YES;
				CLANG_WARN_UNREACHABLE_CODE = YES;
				CLANG_WARN__DUPLICATE_METHOD_MATCH = YES;
				"CODE_SIGN_IDENTITY[sdk=iphoneos*]" = "iPhone Developer";
				COPY_PHASE_STRIP = NO;
				DEBUG_INFORMATION_FORMAT = "dwarf-with-dsym";
				ENABLE_NS_ASSERTIONS = NO;
				ENABLE_STRICT_OBJC_MSGSEND = YES;
				GCC_C_LANGUAGE_STANDARD = gnu99;
				GCC_NO_COMMON_BLOCKS = YES;
				GCC_WARN_64_TO_32_BIT_CONVERSION = YES;
				GCC_WARN_ABOUT_RETURN_TYPE = YES_ERROR;
				GCC_WARN_UNDECLARED_SELECTOR = YES;
				GCC_WARN_UNINITIALIZED_AUTOS = YES_AGGRESSIVE;
				GCC_WARN_UNUSED_FUNCTION = YES;
				GCC_WARN_UNUSED_VARIABLE = YES;
				IPHONEOS_DEPLOYMENT_TARGET = 10.3;
				MTL_ENABLE_DEBUG_INFO = NO;
				SDKROOT = iphoneos;
				SWIFT_OPTIMIZATION_LEVEL = "-Owholemodule";
				VALIDATE_PRODUCT = YES;
			};
			name = Release;
		};
		A35B6BD21F5DE9B4007D0EEB /* Debug */ = {
			isa = XCBuildConfiguration;
			baseConfigurationReference = 634CEF7E8912C88B8479CB52 /* Pods-My Beacon.debug.xcconfig */;
			buildSettings = {
				ASSETCATALOG_COMPILER_APPICON_NAME = AppIcon;
				CLANG_ENABLE_MODULES = YES;
				DEVELOPMENT_TEAM = 7TW6282C6A;
				FRAMEWORK_SEARCH_PATHS = (
					"$(inherited)",
					"$(PROJECT_DIR)/My\\ Beacon",
					"$(PROJECT_DIR)/My\\ Beacon",
				);
				INFOPLIST_FILE = "My Beacon/Info.plist";
				LD_RUNPATH_SEARCH_PATHS = "$(inherited) @executable_path/Frameworks";
				PRODUCT_BUNDLE_IDENTIFIER = "CoutoCode.My-Beacon";
				PRODUCT_NAME = "$(TARGET_NAME)";
				SWIFT_OBJC_BRIDGING_HEADER = "My Beacon/My Beacon-Bridging-Header.h";
				SWIFT_OPTIMIZATION_LEVEL = "-Onone";
				SWIFT_VERSION = 3.0;
			};
			name = Debug;
		};
		A35B6BD31F5DE9B4007D0EEB /* Release */ = {
			isa = XCBuildConfiguration;
			baseConfigurationReference = F73907B79A721496B07780F4 /* Pods-My Beacon.release.xcconfig */;
			buildSettings = {
				ASSETCATALOG_COMPILER_APPICON_NAME = AppIcon;
				CLANG_ENABLE_MODULES = YES;
				DEVELOPMENT_TEAM = 7TW6282C6A;
				FRAMEWORK_SEARCH_PATHS = (
					"$(inherited)",
					"$(PROJECT_DIR)/My\\ Beacon",
					"$(PROJECT_DIR)/My\\ Beacon",
				);
				INFOPLIST_FILE = "My Beacon/Info.plist";
				LD_RUNPATH_SEARCH_PATHS = "$(inherited) @executable_path/Frameworks";
				PRODUCT_BUNDLE_IDENTIFIER = "CoutoCode.My-Beacon";
				PRODUCT_NAME = "$(TARGET_NAME)";
				SWIFT_OBJC_BRIDGING_HEADER = "My Beacon/My Beacon-Bridging-Header.h";
				SWIFT_VERSION = 3.0;
			};
			name = Release;
		};
/* End XCBuildConfiguration section */

/* Begin XCConfigurationList section */
		A35B6BBA1F5DE9B4007D0EEB /* Build configuration list for PBXProject "My Beacon" */ = {
			isa = XCConfigurationList;
			buildConfigurations = (
				A35B6BCF1F5DE9B4007D0EEB /* Debug */,
				A35B6BD01F5DE9B4007D0EEB /* Release */,
			);
			defaultConfigurationIsVisible = 0;
			defaultConfigurationName = Release;
		};
		A35B6BD11F5DE9B4007D0EEB /* Build configuration list for PBXNativeTarget "My Beacon" */ = {
			isa = XCConfigurationList;
			buildConfigurations = (
				A35B6BD21F5DE9B4007D0EEB /* Debug */,
				A35B6BD31F5DE9B4007D0EEB /* Release */,
			);
			defaultConfigurationIsVisible = 0;
			defaultConfigurationName = Release;
		};
/* End XCConfigurationList section */
	};
	rootObject = A35B6BB71F5DE9B4007D0EEB /* Project object */;
}
